
Microsoft Visual Studio Solution File, Format Version 12.00
# Visual Studio Version 17
VisualStudioVersion = 17.4.33103.184
MinimumVisualStudioVersion = 10.0.40219.1
Project("{9A19103F-16F7-4668-BE54-9A1E7A4F7556}") = "MindWord.Desktop", "MindWord.Desktop\MindWord.Desktop.csproj", "{CF43F1D1-A855-41BD-ACED-EEFC7F69507F}"
EndProject
Project("{FAE04EC0-301F-11D3-BF4B-00C04F79EFBC}") = "MindWord.Domain", "MindWord.Domain\MindWord.Domain.csproj", "{F6A25F0B-13D5-4ABD-AC98-D6D962A6B959}"
EndProject
Project("{FAE04EC0-301F-11D3-BF4B-00C04F79EFBC}") = "MindWord.DataAccess", "MindWord.DataAccess\MindWord.DataAccess.csproj", "{AEB53A76-F768-4754-864E-8362E67461E3}"
EndProject
Project("{FAE04EC0-301F-11D3-BF4B-00C04F79EFBC}") = "MindWord.Service", "MindWord.Service\MindWord.Service.csproj", "{9885D987-2D05-48FD-8717-3E5ABBFC0174}"
EndProject
Global
	GlobalSection(SolutionConfigurationPlatforms) = preSolution
		Debug|Any CPU = Debug|Any CPU
		Release|Any CPU = Release|Any CPU
	EndGlobalSection
	GlobalSection(ProjectConfigurationPlatforms) = postSolution
		{CF43F1D1-A855-41BD-ACED-EEFC7F69507F}.Debug|Any CPU.ActiveCfg = Debug|Any CPU
		{CF43F1D1-A855-41BD-ACED-EEFC7F69507F}.Debug|Any CPU.Build.0 = Debug|Any CPU
		{CF43F1D1-A855-41BD-ACED-EEFC7F69507F}.Release|Any CPU.ActiveCfg = Release|Any CPU
		{CF43F1D1-A855-41BD-ACED-EEFC7F69507F}.Release|Any CPU.Build.0 = Release|Any CPU
		{F6A25F0B-13D5-4ABD-AC98-D6D962A6B959}.Debug|Any CPU.ActiveCfg = Debug|Any CPU
		{F6A25F0B-13D5-4ABD-AC98-D6D962A6B959}.Debug|Any CPU.Build.0 = Debug|Any CPU
		{F6A25F0B-13D5-4ABD-AC98-D6D962A6B959}.Release|Any CPU.ActiveCfg = Release|Any CPU
		{F6A25F0B-13D5-4ABD-AC98-D6D962A6B959}.Release|Any CPU.Build.0 = Release|Any CPU
		{AEB53A76-F768-4754-864E-8362E67461E3}.Debug|Any CPU.ActiveCfg = Debug|Any CPU
		{AEB53A76-F768-4754-864E-8362E67461E3}.Debug|Any CPU.Build.0 = Debug|Any CPU
		{AEB53A76-F768-4754-864E-8362E67461E3}.Release|Any CPU.ActiveCfg = Release|Any CPU
		{AEB53A76-F768-4754-864E-8362E67461E3}.Release|Any CPU.Build.0 = Release|Any CPU
		{9885D987-2D05-48FD-8717-3E5ABBFC0174}.Debug|Any CPU.ActiveCfg = Debug|Any CPU
		{9885D987-2D05-48FD-8717-3E5ABBFC0174}.Debug|Any CPU.Build.0 = Debug|Any CPU
		{9885D987-2D05-48FD-8717-3E5ABBFC0174}.Release|Any CPU.ActiveCfg = Release|Any CPU
		{9885D987-2D05-48FD-8717-3E5ABBFC0174}.Release|Any CPU.Build.0 = Release|Any CPU
	EndGlobalSection
	GlobalSection(SolutionProperties) = preSolution
		HideSolutionNode = FALSE
	EndGlobalSection
	GlobalSection(ExtensibilityGlobals) = postSolution
		SolutionGuid = {D1846736-C0AF-48EF-B11F-2B7DB0BF70EB}
	EndGlobalSection
EndGlobal
